<?xml version="1.0" encoding="utf-8"?>
<Project ToolsVersion="4.0" xmlns="http://schemas.microsoft.com/developer/msbuild/2003">
  <ItemGroup>
    <Filter Include="Generated Files">
      <UniqueIdentifier>{71ED8ED8-ACB9-4CE9-BBE1-E00B30144E11}</UniqueIdentifier>
      <Extensions>cpp;c;cxx;moc;h;def;odl;idl;res;</Extensions>
    </Filter>
    <Filter Include="Generated Files">
      <UniqueIdentifier>{71ED8ED8-ACB9-4CE9-BBE1-E00B30144E11}</UniqueIdentifier>
      <Extensions>cpp;c;cxx;moc;h;def;odl;idl;res;</Extensions>
    </Filter>
    <Filter Include="Header Files">
      <UniqueIdentifier>{93995380-89BD-4b04-88EB-625FBE52EBFB}</UniqueIdentifier>
      <Extensions>h;hpp;hxx;hm;inl;inc;xsd</Extensions>
    </Filter>
    <Filter Include="Header Files">
      <UniqueIdentifier>{93995380-89BD-4b04-88EB-625FBE52EBFB}</UniqueIdentifier>
      <Extensions>h;hpp;hxx;hm;inl;inc;xsd</Extensions>
    </Filter>
    <Filter Include="Source Files">
      <UniqueIdentifier>{4FC737F1-C7A5-4376-A066-2A32D752A2FF}</UniqueIdentifier>
      <Extensions>cpp;c;cxx;def;odl;idl;hpj;bat;asm;asmx</Extensions>
    </Filter>
    <Filter Include="Source Files">
      <UniqueIdentifier>{4FC737F1-C7A5-4376-A066-2A32D752A2FF}</UniqueIdentifier>
      <Extensions>cpp;c;cxx;def;odl;idl;hpj;bat;asm;asmx</Extensions>
    </Filter>
    <Filter Include="Generated Files\Debug">
      <UniqueIdentifier>{d89bc2a9-fedd-44e0-ab82-797392ff2bf4}</UniqueIdentifier>
      <Extensions>cpp;moc</Extensions>
      <SourceControlFiles>False</SourceControlFiles>
    </Filter>
    <Filter Include="Generated Files\Release">
      <UniqueIdentifier>{5a160718-c376-4702-abff-522e271cd23c}</UniqueIdentifier>
      <Extensions>cpp;moc</Extensions>
      <SourceControlFiles>False</SourceControlFiles>
    </Filter>
    <Filter Include="Simp Files">
      <UniqueIdentifier>{0ab6d134-b84a-4c88-960e-1e6a27ca792b}</UniqueIdentifier>
    </Filter>
    <Filter Include="Header Files\Renderer">
      <UniqueIdentifier>{afd030bd-11ee-4264-9bdb-3c8e981f32b1}</UniqueIdentifier>
    </Filter>
    <Filter Include="Header Files\Application">
      <UniqueIdentifier>{54268c0b-3d9b-4792-aabb-effde7d2c9ab}</UniqueIdentifier>
    </Filter>
    <Filter Include="Header Files\Rendering Helpers">
      <UniqueIdentifier>{9f0b49b8-098e-470a-ac6d-3e2716e8b5f1}</UniqueIdentifier>
    </Filter>
    <Filter Include="Header Files\Simp File Parsing">
      <UniqueIdentifier>{4ac1e1ea-1e85-4602-948d-79f96631b64f}</UniqueIdentifier>
    </Filter>
    <Filter Include="Header Files\Simp Engine">
      <UniqueIdentifier>{0ee42237-3960-4ffe-9af8-e4ed6c65274f}</UniqueIdentifier>
    </Filter>
    <Filter Include="Source Files\Renderer">
      <UniqueIdentifier>{fe903c8a-916e-4264-8e67-fb92f9178544}</UniqueIdentifier>
    </Filter>
    <Filter Include="Source Files\Rendering Helpers">
      <UniqueIdentifier>{245bf1ba-587b-47f8-83ba-8c87deb82492}</UniqueIdentifier>
    </Filter>
    <Filter Include="Header Files\Assigments">
      <UniqueIdentifier>{a34a85b4-ea34-4c67-8761-4b3d4fcc4eeb}</UniqueIdentifier>
    </Filter>
    <Filter Include="Source Files\Assignments">
      <UniqueIdentifier>{13e71d8f-df49-4d2d-ab58-727fb29ab6c5}</UniqueIdentifier>
    </Filter>
    <Filter Include="Source Files\Simp File Parsing">
      <UniqueIdentifier>{b3413004-4a95-4933-b24e-a2ef084246b4}</UniqueIdentifier>
    </Filter>
    <Filter Include="Source Files\Simp Engine">
      <UniqueIdentifier>{1f31efff-0a9b-4f2e-ab87-1b6b31c0a81f}</UniqueIdentifier>
    </Filter>
  </ItemGroup>
  <ItemGroup>
    <ClCompile Include="client.cpp">
      <Filter>Source Files</Filter>
    </ClCompile>
    <ClCompile Include="main.cpp">
      <Filter>Source Files</Filter>
    </ClCompile>
    <ClCompile Include="renderarea361.cpp">
      <Filter>Source Files</Filter>
    </ClCompile>
    <ClCompile Include="window361.cpp">
      <Filter>Source Files</Filter>
    </ClCompile>
    <ClCompile Include="Debug\moc_renderarea361.cpp">
      <Filter>Generated Files\Debug</Filter>
    </ClCompile>
    <ClCompile Include="Release\moc_renderarea361.cpp">
      <Filter>Generated Files\Release</Filter>
    </ClCompile>
    <ClCompile Include="Debug\moc_window361.cpp">
      <Filter>Generated Files\Debug</Filter>
    </ClCompile>
    <ClCompile Include="Release\moc_window361.cpp">
      <Filter>Generated Files\Release</Filter>
    </ClCompile>
    <ClCompile Include="lineRenderer.cpp">
      <Filter>Source Files\Renderer</Filter>
    </ClCompile>
    <ClCompile Include="polygonRenderer.cpp">
      <Filter>Source Files\Renderer</Filter>
    </ClCompile>
    <ClCompile Include="triangle.cpp">
      <Filter>Source Files\Rendering Helpers</Filter>
    </ClCompile>
    <ClCompile Include="polygon.cpp">
      <Filter>Source Files\Rendering Helpers</Filter>
    </ClCompile>
    <ClCompile Include="line.cpp">
      <Filter>Source Files\Rendering Helpers</Filter>
    </ClCompile>
    <ClCompile Include="rect.cpp">
      <Filter>Source Files\Rendering Helpers</Filter>
    </ClCompile>
    <ClCompile Include="point.cpp">
      <Filter>Source Files\Rendering Helpers</Filter>
    </ClCompile>
    <ClCompile Include="Color.cpp">
      <Filter>Source Files\Rendering Helpers</Filter>
    </ClCompile>
    <ClCompile Include="RenderingEngine.cpp">
      <Filter>Source Files\Renderer</Filter>
    </ClCompile>
    <ClCompile Include="assignment2.cpp">
      <Filter>Source Files\Assignments</Filter>
    </ClCompile>
    <ClCompile Include="primitives.cpp">
      <Filter>Source Files\Rendering Helpers</Filter>
    </ClCompile>
    <ClCompile Include="assignment1.cpp">
      <Filter>Source Files\Assignments</Filter>
    </ClCompile>
    <ClCompile Include="SimpFile.cpp">
      <Filter>Source Files\Simp File Parsing</Filter>
    </ClCompile>
    <ClCompile Include="SimpEngine.cpp">
      <Filter>Source Files\Simp Engine</Filter>
    </ClCompile>
    <ClCompile Include="command.cpp">
      <Filter>Source Files\Simp File Parsing</Filter>
    </ClCompile>
    <ClCompile Include="assignment3.cpp">
      <Filter>Source Files\Assignments</Filter>
    </ClCompile>
    <ClCompile Include="PointGenerator.cpp">
      <Filter>Generated Files</Filter>
    </ClCompile>
    <ClCompile Include="PointsRenderer.cpp">
      <Filter>Generated Files</Filter>
    </ClCompile>
    <ClCompile Include="PointLighter.cpp">
      <Filter>Generated Files</Filter>
    </ClCompile>
  </ItemGroup>
  <ItemGroup>
    <ClInclude Include="drawable.h">
      <Filter>Header Files\Application</Filter>
    </ClInclude>
    <ClInclude Include="pageturner.h">
      <Filter>Header Files\Application</Filter>
    </ClInclude>
    <ClInclude Include="client.h">
      <Filter>Header Files\Application</Filter>
    </ClInclude>
    <ClInclude Include="SimpEngine.hpp">
      <Filter>Header Files\Simp Engine</Filter>
    </ClInclude>
    <ClInclude Include="RenderingEngine.hpp">
      <Filter>Header Files\Renderer</Filter>
    </ClInclude>
    <ClInclude Include="assignment1.hpp">
      <Filter>Header Files\Assigments</Filter>
    </ClInclude>
    <ClInclude Include="assignment2.hpp">
      <Filter>Header Files\Assigments</Filter>
    </ClInclude>
    <ClInclude Include="lineRenderer.hpp">
      <Filter>Header Files\Renderer</Filter>
    </ClInclude>
    <ClInclude Include="polygonRenderer.hpp">
      <Filter>Header Files\Renderer</Filter>
    </ClInclude>
    <ClInclude Include="Color.hpp">
      <Filter>Header Files\Rendering Helpers</Filter>
    </ClInclude>
    <ClInclude Include="lerp.hpp">
      <Filter>Header Files\Rendering Helpers</Filter>
    </ClInclude>
    <ClInclude Include="Matrix.hpp">
      <Filter>Header Files\Rendering Helpers</Filter>
    </ClInclude>
    <ClInclude Include="primitives.hpp">
      <Filter>Header Files\Rendering Helpers</Filter>
    </ClInclude>
    <ClInclude Include="transformationUtil.hpp">
      <Filter>Header Files\Rendering Helpers</Filter>
    </ClInclude>
    <ClInclude Include="command.hpp">
      <Filter>Header Files\Simp File Parsing</Filter>
    </ClInclude>
    <ClInclude Include="SimpFile.hpp">
      <Filter>Header Files\Simp File Parsing</Filter>
    </ClInclude>
    <ClInclude Include="assignment3.hpp">
      <Filter>Header Files\Assigments</Filter>
    </ClInclude>
    <ClInclude Include="CommonTypeAliases.hpp">
      <Filter>Header Files</Filter>
    </ClInclude>
    <ClInclude Include="PointGenerator.hpp">
      <Filter>Header Files\Renderer</Filter>
    </ClInclude>
    <ClInclude Include="PointsRenderer.hpp">
      <Filter>Header Files\Renderer</Filter>
    </ClInclude>
    <ClInclude Include="PointLighter.hpp">
      <Filter>Header Files\Renderer</Filter>
    </ClInclude>
    <ClInclude Include="Camera.hpp">
      <Filter>Header Files\Rendering Helpers</Filter>
    </ClInclude>
    <ClInclude Include="Depth.hpp">
      <Filter>Header Files\Rendering Helpers</Filter>
    </ClInclude>
  </ItemGroup>
  <ItemGroup>
    <CustomBuild Include="debug\moc_predefs.h.cbt">
      <Filter>Generated Files</Filter>
    </CustomBuild>
    <CustomBuild Include="release\moc_predefs.h.cbt">
      <Filter>Generated Files</Filter>
    </CustomBuild>
    <CustomBuild Include="window361.h">
      <Filter>Header Files\Application</Filter>
    </CustomBuild>
    <CustomBuild Include="renderarea361.h">
      <Filter>Header Files\Application</Filter>
    </CustomBuild>
  </ItemGroup>
  <ItemGroup>
    <None Include="cube.simp">
      <Filter>Simp Files</Filter>
    </None>
    <None Include="cube2.simp">
      <Filter>Simp Files</Filter>
    </None>
    <None Include="page4.simp">
      <Filter>Simp Files</Filter>
    </None>
    <None Include="page5.simp">
      <Filter>Simp Files</Filter>
    </None>
    <None Include="test.simp">
      <Filter>Simp Files</Filter>
    </None>
    <None Include="test1.simp">
      <Filter>Simp Files</Filter>
    </None>
    <None Include="test2.simp">
      <Filter>Simp Files</Filter>
    </None>
    <None Include="test3.simp">
      <Filter>Simp Files</Filter>
    </None>
    <None Include="z0_face.simp">
      <Filter>Simp Files</Filter>
    </None>
  </ItemGroup>
</Project>